PODS:
  - OCHamcrest (4.1.1)
  - OCMockito (1.4.0):
    - OCHamcrest (~> 4.0)
  - PDKTProgress (0.1.4)

DEPENDENCIES:
  - OCMockito (~> 1.0)
  - PDKTProgress (from `../`)

SPEC REPOS:
  https://github.com/cocoapods/specs.git:
    - OCHamcrest
    - OCMockito

EXTERNAL SOURCES:
  PDKTProgress:
    :path: "../"

SPEC CHECKSUMS:
  OCHamcrest: 6f03ffa81d12feab872638490a44ab0a6d3aca10
  OCMockito: 4981140c9a9ec06c31af40f636e3c0f25f27e6b2
  PDKTProgress: dd780334468c50446d65bcdabfbd67ae80130b6a

PODFILE CHECKSUM: f33071fad700c02e676989f15c3196f75d12a9c2

COCOAPODS: 1.7.0.beta.3
